PODS:
  - MDSWebViewController (0.1.0):
    - SnapKit (~> 4.2.0)
  - SnapKit (4.2.0)

DEPENDENCIES:
  - MDSWebViewController (from `../`)

SPEC REPOS:
  https://github.com/cocoapods/specs.git:
    - SnapKit

EXTERNAL SOURCES:
  MDSWebViewController:
    :path: "../"

SPEC CHECKSUMS:
  MDSWebViewController: 2e888035511c95e14aeea13c50442f960bdc1353
  SnapKit: fe8a619752f3f27075cc9a90244d75c6c3f27e2a

PODFILE CHECKSUM: a9aeb0192f9a37f8ec0cdaf2e746860644a92c6e

COCOAPODS: 1.5.3
